
Microsoft Visual Studio Solution File, Format Version 12.00
Project("{FAE04EC0-301F-11D3-BF4B-00C04F79EFBC}") = "HtmxMoreThanOne", "HtmxMoreThanOne\HtmxMoreThanOne.csproj", "{4CE56FA0-9C18-410B-BF14-1BEE91FBC33B}"
EndProject
Global
	GlobalSection(SolutionConfigurationPlatforms) = preSolution
		Debug|Any CPU = Debug|Any CPU
		Release|Any CPU = Release|Any CPU
	EndGlobalSection
	GlobalSection(ProjectConfigurationPlatforms) = postSolution
		{4CE56FA0-9C18-410B-BF14-1BEE91FBC33B}.Debug|Any CPU.ActiveCfg = Debug|Any CPU
		{4CE56FA0-9C18-410B-BF14-1BEE91FBC33B}.Debug|Any CPU.Build.0 = Debug|Any CPU
		{4CE56FA0-9C18-410B-BF14-1BEE91FBC33B}.Release|Any CPU.ActiveCfg = Release|Any CPU
		{4CE56FA0-9C18-410B-BF14-1BEE91FBC33B}.Release|Any CPU.Build.0 = Release|Any CPU
	EndGlobalSection
EndGlobal
